
Microsoft Visual Studio Solution File, Format Version 12.00
# Visual Studio Version 17
VisualStudioVersion = 17.8.34330.188
MinimumVisualStudioVersion = 10.0.40219.1
Project("{9A19103F-16F7-4668-BE54-9A1E7A4F7556}") = "BasicCalculator", "BasicCalculator.csproj", "{A27011D1-CEAF-44AC-858D-CFCAB5928324}"
EndProject
Project("{54435603-DBB4-11D2-8724-00A0C9A8B90C}") = "Installer", "Installer\Installer.vdproj", "{9E3CD67A-C00F-4F22-841A-B25C1843EA05}"
EndProject
Global
	GlobalSection(SolutionConfigurationPlatforms) = preSolution
		Debug|Any CPU = Debug|Any CPU
		Release|Any CPU = Release|Any CPU
	EndGlobalSection
	GlobalSection(ProjectConfigurationPlatforms) = postSolution
		{A27011D1-CEAF-44AC-858D-CFCAB5928324}.Debug|Any CPU.ActiveCfg = Debug|Any CPU
		{A27011D1-CEAF-44AC-858D-CFCAB5928324}.Debug|Any CPU.Build.0 = Debug|Any CPU
		{A27011D1-CEAF-44AC-858D-CFCAB5928324}.Release|Any CPU.ActiveCfg = Release|Any CPU
		{A27011D1-CEAF-44AC-858D-CFCAB5928324}.Release|Any CPU.Build.0 = Release|Any CPU
		{9E3CD67A-C00F-4F22-841A-B25C1843EA05}.Debug|Any CPU.ActiveCfg = Debug
		{9E3CD67A-C00F-4F22-841A-B25C1843EA05}.Release|Any CPU.ActiveCfg = Release
	EndGlobalSection
	GlobalSection(SolutionProperties) = preSolution
		HideSolutionNode = FALSE
	EndGlobalSection
	GlobalSection(ExtensibilityGlobals) = postSolution
		SolutionGuid = {32DD253D-670C-4719-B880-47C5E00CC54B}
	EndGlobalSection
EndGlobal
